{
  "name": "jeelizexposurecontroller",
  "version": "1.0.0",
  "lockfileVersion": 3,
  "requires": true,
  "packages": {
    "": {
      "name": "jeelizexposurecontroller",
      "version": "1.0.0",
      "license": "MIT",
      "dependencies": {
        "@types/w3c-image-capture": "^1.0.7"
      },
      "devDependencies": {}
    },
    "node_modules/@types/w3c-image-capture": {
      "version": "1.0.7",
      "resolved": "https://registry.npmjs.org/@types/w3c-image-capture/-/w3c-image-capture-1.0.7.tgz",
      "integrity": "sha512-BNmjJT+yjwVzB6N5kf1/m9YZMF//e3JAcII+TIuhRkALn7UD9xZX0R1azVGqqyYuQKbQ6UskC+zSQctnsk9zHg==",
      "dependencies": {
        "@types/webrtc": "*"
      }
    },
    "node_modules/@types/webrtc": {
      "version": "0.0.33",
      "resolved": "https://registry.npmjs.org/@types/webrtc/-/webrtc-0.0.33.tgz",
      "integrity": "sha512-xjN6BelzkY3lzXjIjXGqJVDS6XDleEsvp1bVIyNccXCcMoTH3wvUXFew4/qflwJdNqjmq98Zc5VcALV+XBKBvg=="
    }
  }
}
